// !$*UTF8*$!
{
	archiveVersion = 1;
	classes = {
	};
	objectVersion = 46;
	objects = {

/* Begin PBXBuildFile section */
		8168BE211EF10DCA00DC6E79 /* AppDelegate.swift in Sources */ = {isa = PBXBuildFile; fileRef = 8168BE201EF10DCA00DC6E79 /* AppDelegate.swift */; };
		8168BE231EF10DCA00DC6E79 /* ViewController.swift in Sources */ = {isa = PBXBuildFile; fileRef = 8168BE221EF10DCA00DC6E79 /* ViewController.swift */; };
		8168BE261EF10DCA00DC6E79 /* Main.storyboard in Resources */ = {isa = PBXBuildFile; fileRef = 8168BE241EF10DCA00DC6E79 /* Main.storyboard */; };
		8168BE281EF10DCA00DC6E79 /* Assets.xcassets in Resources */ = {isa = PBXBuildFile; fileRef = 8168BE271EF10DCA00DC6E79 /* Assets.xcassets */; };
		8168BE2B1EF10DCA00DC6E79 /* LaunchScreen.storyboard in Resources */ = {isa = PBXBuildFile; fileRef = 8168BE291EF10DCA00DC6E79 /* LaunchScreen.storyboard */; };
		8168BE351EF10DE300DC6E79 /* UIImage+Blur.m in Sources */ = {isa = PBXBuildFile; fileRef = 8168BE341EF10DE300DC6E79 /* UIImage+Blur.m */; };
/* End PBXBuildFile section */

/* Begin PBXFileReference section */
		8168BE1D1EF10DCA00DC6E79 /* BlurImageDemo.app */ = {isa = PBXFileReference; explicitFileType = wrapper.application; includeInIndex = 0; path = BlurImageDemo.app; sourceTree = BUILT_PRODUCTS_DIR; };
		8168BE201EF10DCA00DC6E79 /* AppDelegate.swift */ = {isa = PBXFileReference; lastKnownFileType = sourcecode.swift; path = AppDelegate.swift; sourceTree = "<group>"; };
		8168BE221EF10DCA00DC6E79 /* ViewController.swift */ = {isa = PBXFileReference; lastKnownFileType = sourcecode.swift; path = ViewController.swift; sourceTree = "<group>"; };
		8168BE251EF10DCA00DC6E79 /* Base */ = {isa = PBXFileReference; lastKnownFileType = file.storyboard; name = Base; path = Base.lproj/Main.storyboard; sourceTree = "<group>"; };
		8168BE271EF10DCA00DC6E79 /* Assets.xcassets */ = {isa = PBXFileReference; lastKnownFileType = folder.assetcatalog; path = Assets.xcassets; sourceTree = "<group>"; };
		8168BE2A1EF10DCA00DC6E79 /* Base */ = {isa = PBXFileReference; lastKnownFileType = file.storyboard; name = Base; path = Base.lproj/LaunchScreen.storyboard; sourceTree = "<group>"; };
		8168BE2C1EF10DCA00DC6E79 /* Info.plist */ = {isa = PBXFileReference; lastKnownFileType = text.plist.xml; path = Info.plist; sourceTree = "<group>"; };
		8168BE321EF10DE200DC6E79 /* BlurImageDemo-Bridging-Header.h */ = {isa = PBXFileReference; lastKnownFileType = sourcecode.c.h; path = "BlurImageDemo-Bridging-Header.h"; sourceTree = "<group>"; };
		8168BE331EF10DE300DC6E79 /* UIImage+Blur.h */ = {isa = PBXFileReference; fileEncoding = 4; lastKnownFileType = sourcecode.c.h; path = "UIImage+Blur.h"; sourceTree = "<group>"; };
		8168BE341EF10DE300DC6E79 /* UIImage+Blur.m */ = {isa = PBXFileReference; fileEncoding = 4; lastKnownFileType = sourcecode.c.objc; path = "UIImage+Blur.m"; sourceTree = "<group>"; };
/* End PBXFileReference section */

/* Begin PBXFrameworksBuildPhase section */
		8168BE1A1EF10DCA00DC6E79 /* Frameworks */ = {
			isa = PBXFrameworksBuildPhase;
			buildActionMask = 2147483647;
			files = (
			);
			runOnlyForDeploymentPostprocessing = 0;
		};
/* End PBXFrameworksBuildPhase section */

/* Begin PBXGroup section */
		8168BE141EF10DCA00DC6E79 = {
			isa = PBXGroup;
			children = (
				8168BE1F1EF10DCA00DC6E79 /* BlurImageDemo */,
				8168BE1E1EF10DCA00DC6E79 /* Products */,
			);
			sourceTree = "<group>";
		};
		8168BE1E1EF10DCA00DC6E79 /* Products */ = {
			isa = PBXGroup;
			children = (
				8168BE1D1EF10DCA00DC6E79 /* BlurImageDemo.app */,
			);
			name = Products;
			sourceTree = "<group>";
		};
		8168BE1F1EF10DCA00DC6E79 /* BlurImageDemo */ = {
			isa = PBXGroup;
			children = (
				8168BE331EF10DE300DC6E79 /* UIImage+Blur.h */,
				8168BE341EF10DE300DC6E79 /* UIImage+Blur.m */,
				8168BE201EF10DCA00DC6E79 /* AppDelegate.swift */,
				8168BE221EF10DCA00DC6E79 /* ViewController.swift */,
				8168BE241EF10DCA00DC6E79 /* Main.storyboard */,
				8168BE271EF10DCA00DC6E79 /* Assets.xcassets */,
				8168BE291EF10DCA00DC6E79 /* LaunchScreen.storyboard */,
				8168BE2C1EF10DCA00DC6E79 /* Info.plist */,
				8168BE321EF10DE200DC6E79 /* BlurImageDemo-Bridging-Header.h */,
			);
			path = BlurImageDemo;
			sourceTree = "<group>";
		};
/* End PBXGroup section */

/* Begin PBXNativeTarget section */
		8168BE1C1EF10DCA00DC6E79 /* BlurImageDemo */ = {
			isa = PBXNativeTarget;
			buildConfigurationList = 8168BE2F1EF10DCA00DC6E79 /* Build configuration list for PBXNativeTarget "BlurImageDemo" */;
			buildPhases = (
				8168BE191EF10DCA00DC6E79 /* Sources */,
				8168BE1A1EF10DCA00DC6E79 /* Frameworks */,
				8168BE1B1EF10DCA00DC6E79 /* Resources */,
			);
			buildRules = (
			);
			dependencies = (
			);
			name = BlurImageDemo;
			productName = BlurImageDemo;
			productReference = 8168BE1D1EF10DCA00DC6E79 /* BlurImageDemo.app */;
			productType = "com.apple.product-type.application";
		};
/* End PBXNativeTarget section */

/* Begin PBXProject section */
		8168BE151EF10DCA00DC6E79 /* Project object */ = {
			isa = PBXProject;
			attributes = {
				LastSwiftUpdateCheck = 0820;
				LastUpgradeCheck = 0820;
				ORGANIZATIONNAME = mellow;
				TargetAttributes = {
					8168BE1C1EF10DCA00DC6E79 = {
						CreatedOnToolsVersion = 8.2.1;
						LastSwiftMigration = 0820;
						ProvisioningStyle = Automatic;
					};
				};
			};
			buildConfigurationList = 8168BE181EF10DCA00DC6E79 /* Build configuration list for PBXProject "BlurImageDemo" */;
			compatibilityVersion = "Xcode 3.2";
			developmentRegion = English;
			hasScannedForEncodings = 0;
			knownRegions = (
				en,
				Base,
			);
			mainGroup = 8168BE141EF10DCA00DC6E79;
			productRefGroup = 8168BE1E1EF10DCA00DC6E79 /* Products */;
			projectDirPath = "";
			projectRoot = "";
			targets = (
				8168BE1C1EF10DCA00DC6E79 /* BlurImageDemo */,
			);
		};
/* End PBXProject section */

/* Begin PBXResourcesBuildPhase section */
		8168BE1B1EF10DCA00DC6E79 /* Resources */ = {
			isa = PBXResourcesBuildPhase;
			buildActionMask = 2147483647;
			files = (
				8168BE2B1EF10DCA00DC6E79 /* LaunchScreen.storyboard in Resources */,
				8168BE281EF10DCA00DC6E79 /* Assets.xcassets in Resources */,
				8168BE261EF10DCA00DC6E79 /* Main.storyboard in Resources */,
			);
			runOnlyForDeploymentPostprocessing = 0;
		};
/* End PBXResourcesBuildPhase section */

/* Begin PBXSourcesBuildPhase section */
		8168BE191EF10DCA00DC6E79 /* Sources */ = {
			isa = PBXSourcesBuildPhase;
			buildActionMask = 2147483647;
			files = (
				8168BE351EF10DE300DC6E79 /* UIImage+Blur.m in Sources */,
				8168BE231EF10DCA00DC6E79 /* ViewController.swift in Sources */,
				8168BE211EF10DCA00DC6E79 /* AppDelegate.swift in Sources */,
			);
			runOnlyForDeploymentPostprocessing = 0;
		};
/* End PBXSourcesBuildPhase section */

/* Begin PBXVariantGroup section */
		8168BE241EF10DCA00DC6E79 /* Main.storyboard */ = {
			isa = PBXVariantGroup;
			children = (
				8168BE251EF10DCA00DC6E79 /* Base */,
			);
			name = Main.storyboard;
			sourceTree = "<group>";
		};
		8168BE291EF10DCA00DC6E79 /* LaunchScreen.storyboard */ = {
			isa = PBXVariantGroup;
			children = (
				8168BE2A1EF10DCA00DC6E79 /* Base */,
			);
			name = LaunchScreen.storyboard;
			sourceTree = "<group>";
		};
/* End PBXVariantGroup section */

/* Begin XCBuildConfiguration section */
		8168BE2D1EF10DCA00DC6E79 /* Debug */ = {
			isa = XCBuildConfiguration;
			buildSettings = {
				ALWAYS_SEARCH_USER_PATHS = NO;
				CLANG_ANALYZER_NONNULL = YES;
				CLANG_CXX_LANGUAGE_STANDARD = "gnu++0x";
				CLANG_CXX_LIBRARY = "libc++";
				CLANG_ENABLE_MODULES = YES;
				CLANG_ENABLE_OBJC_ARC = YES;
				CLANG_WARN_BOOL_CONVERSION = YES;
				CLANG_WARN_CONSTANT_CONVERSION = YES;
				CLANG_WARN_DIRECT_OBJC_ISA_USAGE = YES_ERROR;
				CLANG_WARN_DOCUMENTATION_COMMENTS = YES;
				CLANG_WARN_EMPTY_BODY = YES;
				CLANG_WARN_ENUM_CONVERSION = YES;
				CLANG_WARN_INFINITE_RECURSION = YES;
				CLANG_WARN_INT_CONVERSION = YES;
				CLANG_WARN_OBJC_ROOT_CLASS = YES_ERROR;
				CLANG_WARN_SUSPICIOUS_MOVE = YES;
				CLANG_WARN_UNREACHABLE_CODE = YES;
				CLANG_WARN__DUPLICATE_METHOD_MATCH = YES;
				"CODE_SIGN_IDENTITY[sdk=iphoneos*]" = "iPhone Developer";
				COPY_PHASE_STRIP = NO;
				DEBUG_INFORMATION_FORMAT = dwarf;
				ENABLE_STRICT_OBJC_MSGSEND = YES;
				ENABLE_TESTABILITY = YES;
				GCC_C_LANGUAGE_STANDARD = gnu99;
				GCC_DYNAMIC_NO_PIC = NO;
				GCC_NO_COMMON_BLOCKS = YES;
				GCC_OPTIMIZATION_LEVEL = 0;
				GCC_PREPROCESSOR_DEFINITIONS = (
					"DEBUG=1",
					"$(inherited)",
				);
				GCC_WARN_64_TO_32_BIT_CONVERSION = YES;
				GCC_WARN_ABOUT_RETURN_TYPE = YES_ERROR;
				GCC_WARN_UNDECLARED_SELECTOR = YES;
				GCC_WARN_UNINITIALIZED_AUTOS = YES_AGGRESSIVE;
				GCC_WARN_UNUSED_FUNCTION = YES;
				GCC_WARN_UNUSED_VARIABLE = YES;
				IPHONEOS_DEPLOYMENT_TARGET = 10.2;
				MTL_ENABLE_DEBUG_INFO = YES;
				ONLY_ACTIVE_ARCH = YES;
				SDKROOT = iphoneos;
				SWIFT_ACTIVE_COMPILATION_CONDITIONS = DEBUG;
				SWIFT_OPTIMIZATION_LEVEL = "-Onone";
				TARGETED_DEVICE_FAMILY = "1,2";
			};
			name = Debug;
		};
		8168BE2E1EF10DCA00DC6E79 /* Release */ = {
			isa = XCBuildConfiguration;
			buildSettings = {
				ALWAYS_SEARCH_USER_PATHS = NO;
				CLANG_ANALYZER_NONNULL = YES;
				CLANG_CXX_LANGUAGE_STANDARD = "gnu++0x";
				CLANG_CXX_LIBRARY = "libc++";
				CLANG_ENABLE_MODULES = YES;
				CLANG_ENABLE_OBJC_ARC = YES;
				CLANG_WARN_BOOL_CONVERSION = YES;
				CLANG_WARN_CONSTANT_CONVERSION = YES;
				CLANG_WARN_DIRECT_OBJC_ISA_USAGE = YES_ERROR;
				CLANG_WARN_DOCUMENTATION_COMMENTS = YES;
				CLANG_WARN_EMPTY_BODY = YES;
				CLANG_WARN_ENUM_CONVERSION = YES;
				CLANG_WARN_INFINITE_RECURSION = YES;
				CLANG_WARN_INT_CONVERSION = YES;
				CLANG_WARN_OBJC_ROOT_CLASS = YES_ERROR;
				CLANG_WARN_SUSPICIOUS_MOVE = YES;
				CLANG_WARN_UNREACHABLE_CODE = YES;
				CLANG_WARN__DUPLICATE_METHOD_MATCH = YES;
				"CODE_SIGN_IDENTITY[sdk=iphoneos*]" = "iPhone Developer";
				COPY_PHASE_STRIP = NO;
				DEBUG_INFORMATION_FORMAT = "dwarf-with-dsym";
				ENABLE_NS_ASSERTIONS = NO;
				ENABLE_STRICT_OBJC_MSGSEND = YES;
				GCC_C_LANGUAGE_STANDARD = gnu99;
				GCC_NO_COMMON_BLOCKS = YES;
				GCC_WARN_64_TO_32_BIT_CONVERSION = YES;
				GCC_WARN_ABOUT_RETURN_TYPE = YES_ERROR;
				GCC_WARN_UNDECLARED_SELECTOR = YES;
				GCC_WARN_UNINITIALIZED_AUTOS = YES_AGGRESSIVE;
				GCC_WARN_UNUSED_FUNCTION = YES;
				GCC_WARN_UNUSED_VARIABLE = YES;
				IPHONEOS_DEPLOYMENT_TARGET = 10.2;
				MTL_ENABLE_DEBUG_INFO = NO;
				SDKROOT = iphoneos;
				SWIFT_OPTIMIZATION_LEVEL = "-Owholemodule";
				TARGETED_DEVICE_FAMILY = "1,2";
				VALIDATE_PRODUCT = YES;
			};
			name = Release;
		};
		8168BE301EF10DCA00DC6E79 /* Debug */ = {
			isa = XCBuildConfiguration;
			buildSettings = {
				ASSETCATALOG_COMPILER_APPICON_NAME = AppIcon;
				CLANG_ENABLE_MODULES = YES;
				INFOPLIST_FILE = BlurImageDemo/Info.plist;
				LD_RUNPATH_SEARCH_PATHS = "$(inherited) @executable_path/Frameworks";
				PRODUCT_BUNDLE_IDENTIFIER = com.mellow.BlurImageDemo;
				PRODUCT_NAME = "$(TARGET_NAME)";
				SWIFT_OBJC_BRIDGING_HEADER = "BlurImageDemo/BlurImageDemo-Bridging-Header.h";
				SWIFT_OPTIMIZATION_LEVEL = "-Onone";
				SWIFT_VERSION = 3.0;
			};
			name = Debug;
		};
		8168BE311EF10DCA00DC6E79 /* Release */ = {
			isa = XCBuildConfiguration;
			buildSettings = {
				ASSETCATALOG_COMPILER_APPICON_NAME = AppIcon;
				CLANG_ENABLE_MODULES = YES;
				INFOPLIST_FILE = BlurImageDemo/Info.plist;
				LD_RUNPATH_SEARCH_PATHS = "$(inherited) @executable_path/Frameworks";
				PRODUCT_BUNDLE_IDENTIFIER = com.mellow.BlurImageDemo;
				PRODUCT_NAME = "$(TARGET_NAME)";
				SWIFT_OBJC_BRIDGING_HEADER = "BlurImageDemo/BlurImageDemo-Bridging-Header.h";
				SWIFT_VERSION = 3.0;
			};
			name = Release;
		};
/* End XCBuildConfiguration section */

/* Begin XCConfigurationList section */
		8168BE181EF10DCA00DC6E79 /* Build configuration list for PBXProject "BlurImageDemo" */ = {
			isa = XCConfigurationList;
			buildConfigurations = (
				8168BE2D1EF10DCA00DC6E79 /* Debug */,
				8168BE2E1EF10DCA00DC6E79 /* Release */,
			);
			defaultConfigurationIsVisible = 0;
			defaultConfigurationName = Release;
		};
		8168BE2F1EF10DCA00DC6E79 /* Build configuration list for PBXNativeTarget "BlurImageDemo" */ = {
			isa = XCConfigurationList;
			buildConfigurations = (
				8168BE301EF10DCA00DC6E79 /* Debug */,
				8168BE311EF10DCA00DC6E79 /* Release */,
			);
			defaultConfigurationIsVisible = 0;
		};
/* End XCConfigurationList section */
	};
	rootObject = 8168BE151EF10DCA00DC6E79 /* Project object */;
}
